
Microsoft Visual Studio Solution File, Format Version 12.00
# Visual Studio Version 17
VisualStudioVersion = 17.13.35913.81 d17.13
MinimumVisualStudioVersion = 10.0.40219.1
Project("{FAE04EC0-301F-11D3-BF4B-00C04F79EFBC}") = "Microsoft.AspNetCore.Hybrid", "Microsoft.AspNetCore.Hybrid.csproj", "{97327E0E-9480-B370-999C-D87C3E81C2FE}"
EndProject
Global
	GlobalSection(SolutionConfigurationPlatforms) = preSolution
		Debug|Any CPU = Debug|Any CPU
		Release|Any CPU = Release|Any CPU
	EndGlobalSection
	GlobalSection(ProjectConfigurationPlatforms) = postSolution
		{97327E0E-9480-B370-999C-D87C3E81C2FE}.Debug|Any CPU.ActiveCfg = Debug|Any CPU
		{97327E0E-9480-B370-999C-D87C3E81C2FE}.Debug|Any CPU.Build.0 = Debug|Any CPU
		{97327E0E-9480-B370-999C-D87C3E81C2FE}.Release|Any CPU.ActiveCfg = Release|Any CPU
		{97327E0E-9480-B370-999C-D87C3E81C2FE}.Release|Any CPU.Build.0 = Release|Any CPU
	EndGlobalSection
	GlobalSection(SolutionProperties) = preSolution
		HideSolutionNode = FALSE
	EndGlobalSection
	GlobalSection(ExtensibilityGlobals) = postSolution
		SolutionGuid = {7ECD1F48-4597-4AD9-85D1-D8549D3DDF66}
	EndGlobalSection
EndGlobal
